
Microsoft Visual Studio Solution File, Format Version 12.00
# Visual Studio Version 17
VisualStudioVersion = 17.0.31903.59
MinimumVisualStudioVersion = 10.0.40219.1
Project("{2150E333-8FDC-42A3-9474-1A3956D46DE8}") = "src", "src", "{EB7C3CA7-04EF-4DCE-8DCA-EE7FEB3B2AF0}"
EndProject
Project("{2150E333-8FDC-42A3-9474-1A3956D46DE8}") = "Consumer", "Consumer", "{7A09F08D-3606-4471-B97A-8E14D5B47E92}"
EndProject
Project("{FAE04EC0-301F-11D3-BF4B-00C04F79EFBC}") = "Lothal.Basket.Consumer", "src\Consumer\Lothal.Basket.Consumer\Lothal.Basket.Consumer.csproj", "{8224EFF0-AF46-4A48-9633-F0AC92CC6FBE}"
EndProject
Project("{2150E333-8FDC-42A3-9474-1A3956D46DE8}") = "Gateway", "Gateway", "{9F3AFABA-F232-44C2-9EF5-85D29A5A3D91}"
EndProject
Project("{FAE04EC0-301F-11D3-BF4B-00C04F79EFBC}") = "Lothal.Basket.ApiGateway", "src\Gateway\Lothal.Basket.ApiGateway\Lothal.Basket.ApiGateway.csproj", "{D172E8D2-6DAF-41DA-87A3-38AD7292F045}"
EndProject
Project("{2150E333-8FDC-42A3-9474-1A3956D46DE8}") = "BuildingBlocks", "BuildingBlocks", "{44B265FF-4878-4E27-AF27-EB0CD5794FFD}"
EndProject
Project("{FAE04EC0-301F-11D3-BF4B-00C04F79EFBC}") = "Lothal.BuildingBlocks", "src\BuildingBlocks\Lothal.BuildingBlocks\Lothal.BuildingBlocks.csproj", "{B3A96504-C66C-42AD-A640-8E4980F2620E}"
EndProject
Project("{2150E333-8FDC-42A3-9474-1A3956D46DE8}") = "Basket", "Basket", "{2F7C23BA-F4EA-4918-8888-5526E3A9F7FF}"
EndProject
Project("{FAE04EC0-301F-11D3-BF4B-00C04F79EFBC}") = "Lothal.Basket.Api", "src\Basket\Lothal.Basket.Api\Lothal.Basket.Api.csproj", "{ACE3720F-8154-44FF-9D60-D61A624FCB6F}"
EndProject
Project("{FAE04EC0-301F-11D3-BF4B-00C04F79EFBC}") = "Lothal.Basket.Application", "src\Basket\Lothal.Basket.Application\Lothal.Basket.Application.csproj", "{4541060B-EA50-4590-B1F7-215D8019F2A1}"
EndProject
Project("{FAE04EC0-301F-11D3-BF4B-00C04F79EFBC}") = "Lothal.Basket.Domain", "src\Basket\Lothal.Basket.Domain\Lothal.Basket.Domain.csproj", "{12626E3D-0ABD-4EB8-8A1E-FD6C7ED2A242}"
EndProject
Project("{FAE04EC0-301F-11D3-BF4B-00C04F79EFBC}") = "Lothal.Basket.Infrastructure", "src\Basket\Lothal.Basket.Infrastructure\Lothal.Basket.Infrastructure.csproj", "{4EDF98E1-761E-4CC3-8C3E-0C037C44F1DC}"
EndProject
Project("{2150E333-8FDC-42A3-9474-1A3956D46DE8}") = "Product", "Product", "{63F84F1F-AA5E-4103-B147-B9EC64392819}"
EndProject
Project("{FAE04EC0-301F-11D3-BF4B-00C04F79EFBC}") = "Lothal.Product.Api", "src\Product\Lothal.Product.Api\Lothal.Product.Api.csproj", "{8E65015B-BC31-4987-887A-D7722C2611C8}"
EndProject
Project("{FAE04EC0-301F-11D3-BF4B-00C04F79EFBC}") = "Lothal.Product.Application", "src\Product\Lothal.Product.Application\Lothal.Product.Application.csproj", "{7091B716-F9A1-484C-8FC4-7592E7A66C13}"
EndProject
Project("{FAE04EC0-301F-11D3-BF4B-00C04F79EFBC}") = "Lothal.Product.Domain", "src\Product\Lothal.Product.Domain\Lothal.Product.Domain.csproj", "{FCA75F6F-540C-42C2-8D3A-EC306250C44E}"
EndProject
Project("{FAE04EC0-301F-11D3-BF4B-00C04F79EFBC}") = "Lothal.Product.Infrastructure", "src\Product\Lothal.Product.Infrastructure\Lothal.Product.Infrastructure.csproj", "{8167BF45-7B2B-4EC6-9CD2-8D8772291F15}"
EndProject
Project("{2150E333-8FDC-42A3-9474-1A3956D46DE8}") = "Stock", "Stock", "{A1B2C3D4-E5F6-7890-ABCD-EF1234567890}"
EndProject
Project("{FAE04EC0-301F-11D3-BF4B-00C04F79EFBC}") = "Lothal.Stock.Api", "src\Stock\Lothal.Stock.Api\Lothal.Stock.Api.csproj", "{A1B2C3D4-1111-1111-1111-111111111111}"
EndProject
Project("{FAE04EC0-301F-11D3-BF4B-00C04F79EFBC}") = "Lothal.Stock.Application", "src\Stock\Lothal.Stock.Application\Lothal.Stock.Application.csproj", "{A1B2C3D4-2222-2222-2222-222222222222}"
EndProject
Project("{FAE04EC0-301F-11D3-BF4B-00C04F79EFBC}") = "Lothal.Stock.Domain", "src\Stock\Lothal.Stock.Domain\Lothal.Stock.Domain.csproj", "{A1B2C3D4-3333-3333-3333-333333333333}"
EndProject
Project("{FAE04EC0-301F-11D3-BF4B-00C04F79EFBC}") = "Lothal.Stock.Infrastructure", "src\Stock\Lothal.Stock.Infrastructure\Lothal.Stock.Infrastructure.csproj", "{A1B2C3D4-4444-4444-4444-444444444444}"
EndProject
Global
	GlobalSection(SolutionConfigurationPlatforms) = preSolution
		Debug|Any CPU = Debug|Any CPU
		Release|Any CPU = Release|Any CPU
	EndGlobalSection
	GlobalSection(SolutionProperties) = preSolution
		HideSolutionNode = FALSE
	EndGlobalSection
	GlobalSection(ProjectConfigurationPlatforms) = postSolution
		{8224EFF0-AF46-4A48-9633-F0AC92CC6FBE}.Debug|Any CPU.ActiveCfg = Debug|Any CPU
		{8224EFF0-AF46-4A48-9633-F0AC92CC6FBE}.Debug|Any CPU.Build.0 = Debug|Any CPU
		{8224EFF0-AF46-4A48-9633-F0AC92CC6FBE}.Release|Any CPU.ActiveCfg = Release|Any CPU
		{8224EFF0-AF46-4A48-9633-F0AC92CC6FBE}.Release|Any CPU.Build.0 = Release|Any CPU
		{D172E8D2-6DAF-41DA-87A3-38AD7292F045}.Debug|Any CPU.ActiveCfg = Debug|Any CPU
		{D172E8D2-6DAF-41DA-87A3-38AD7292F045}.Debug|Any CPU.Build.0 = Debug|Any CPU
		{D172E8D2-6DAF-41DA-87A3-38AD7292F045}.Release|Any CPU.ActiveCfg = Release|Any CPU
		{D172E8D2-6DAF-41DA-87A3-38AD7292F045}.Release|Any CPU.Build.0 = Release|Any CPU
		{B3A96504-C66C-42AD-A640-8E4980F2620E}.Debug|Any CPU.ActiveCfg = Debug|Any CPU
		{B3A96504-C66C-42AD-A640-8E4980F2620E}.Debug|Any CPU.Build.0 = Debug|Any CPU
		{B3A96504-C66C-42AD-A640-8E4980F2620E}.Release|Any CPU.ActiveCfg = Release|Any CPU
		{B3A96504-C66C-42AD-A640-8E4980F2620E}.Release|Any CPU.Build.0 = Release|Any CPU
		{ACE3720F-8154-44FF-9D60-D61A624FCB6F}.Debug|Any CPU.ActiveCfg = Debug|Any CPU
		{ACE3720F-8154-44FF-9D60-D61A624FCB6F}.Debug|Any CPU.Build.0 = Debug|Any CPU
		{ACE3720F-8154-44FF-9D60-D61A624FCB6F}.Release|Any CPU.ActiveCfg = Release|Any CPU
		{ACE3720F-8154-44FF-9D60-D61A624FCB6F}.Release|Any CPU.Build.0 = Release|Any CPU
		{4541060B-EA50-4590-B1F7-215D8019F2A1}.Debug|Any CPU.ActiveCfg = Debug|Any CPU
		{4541060B-EA50-4590-B1F7-215D8019F2A1}.Debug|Any CPU.Build.0 = Debug|Any CPU
		{4541060B-EA50-4590-B1F7-215D8019F2A1}.Release|Any CPU.ActiveCfg = Release|Any CPU
		{4541060B-EA50-4590-B1F7-215D8019F2A1}.Release|Any CPU.Build.0 = Release|Any CPU
		{12626E3D-0ABD-4EB8-8A1E-FD6C7ED2A242}.Debug|Any CPU.ActiveCfg = Debug|Any CPU
		{12626E3D-0ABD-4EB8-8A1E-FD6C7ED2A242}.Debug|Any CPU.Build.0 = Debug|Any CPU
		{12626E3D-0ABD-4EB8-8A1E-FD6C7ED2A242}.Release|Any CPU.ActiveCfg = Release|Any CPU
		{12626E3D-0ABD-4EB8-8A1E-FD6C7ED2A242}.Release|Any CPU.Build.0 = Release|Any CPU
		{4EDF98E1-761E-4CC3-8C3E-0C037C44F1DC}.Debug|Any CPU.ActiveCfg = Debug|Any CPU
		{4EDF98E1-761E-4CC3-8C3E-0C037C44F1DC}.Debug|Any CPU.Build.0 = Debug|Any CPU
		{4EDF98E1-761E-4CC3-8C3E-0C037C44F1DC}.Release|Any CPU.ActiveCfg = Release|Any CPU
		{4EDF98E1-761E-4CC3-8C3E-0C037C44F1DC}.Release|Any CPU.Build.0 = Release|Any CPU
		{8E65015B-BC31-4987-887A-D7722C2611C8}.Debug|Any CPU.ActiveCfg = Debug|Any CPU
		{8E65015B-BC31-4987-887A-D7722C2611C8}.Debug|Any CPU.Build.0 = Debug|Any CPU
		{8E65015B-BC31-4987-887A-D7722C2611C8}.Release|Any CPU.ActiveCfg = Release|Any CPU
		{8E65015B-BC31-4987-887A-D7722C2611C8}.Release|Any CPU.Build.0 = Release|Any CPU
		{7091B716-F9A1-484C-8FC4-7592E7A66C13}.Debug|Any CPU.ActiveCfg = Debug|Any CPU
		{7091B716-F9A1-484C-8FC4-7592E7A66C13}.Debug|Any CPU.Build.0 = Debug|Any CPU
		{7091B716-F9A1-484C-8FC4-7592E7A66C13}.Release|Any CPU.ActiveCfg = Release|Any CPU
		{7091B716-F9A1-484C-8FC4-7592E7A66C13}.Release|Any CPU.Build.0 = Release|Any CPU
		{FCA75F6F-540C-42C2-8D3A-EC306250C44E}.Debug|Any CPU.ActiveCfg = Debug|Any CPU
		{FCA75F6F-540C-42C2-8D3A-EC306250C44E}.Debug|Any CPU.Build.0 = Debug|Any CPU
		{FCA75F6F-540C-42C2-8D3A-EC306250C44E}.Release|Any CPU.ActiveCfg = Release|Any CPU
		{FCA75F6F-540C-42C2-8D3A-EC306250C44E}.Release|Any CPU.Build.0 = Release|Any CPU
		{8167BF45-7B2B-4EC6-9CD2-8D8772291F15}.Debug|Any CPU.ActiveCfg = Debug|Any CPU
		{8167BF45-7B2B-4EC6-9CD2-8D8772291F15}.Debug|Any CPU.Build.0 = Debug|Any CPU
		{8167BF45-7B2B-4EC6-9CD2-8D8772291F15}.Release|Any CPU.ActiveCfg = Release|Any CPU
		{8167BF45-7B2B-4EC6-9CD2-8D8772291F15}.Release|Any CPU.Build.0 = Release|Any CPU
		{A1B2C3D4-1111-1111-1111-111111111111}.Debug|Any CPU.ActiveCfg = Debug|Any CPU
		{A1B2C3D4-1111-1111-1111-111111111111}.Debug|Any CPU.Build.0 = Debug|Any CPU
		{A1B2C3D4-1111-1111-1111-111111111111}.Release|Any CPU.ActiveCfg = Release|Any CPU
		{A1B2C3D4-1111-1111-1111-111111111111}.Release|Any CPU.Build.0 = Release|Any CPU
		{A1B2C3D4-2222-2222-2222-222222222222}.Debug|Any CPU.ActiveCfg = Debug|Any CPU
		{A1B2C3D4-2222-2222-2222-222222222222}.Debug|Any CPU.Build.0 = Debug|Any CPU
		{A1B2C3D4-2222-2222-2222-222222222222}.Release|Any CPU.ActiveCfg = Release|Any CPU
		{A1B2C3D4-2222-2222-2222-222222222222}.Release|Any CPU.Build.0 = Release|Any CPU
		{A1B2C3D4-3333-3333-3333-333333333333}.Debug|Any CPU.ActiveCfg = Debug|Any CPU
		{A1B2C3D4-3333-3333-3333-333333333333}.Debug|Any CPU.Build.0 = Debug|Any CPU
		{A1B2C3D4-3333-3333-3333-333333333333}.Release|Any CPU.ActiveCfg = Release|Any CPU
		{A1B2C3D4-3333-3333-3333-333333333333}.Release|Any CPU.Build.0 = Release|Any CPU
		{A1B2C3D4-4444-4444-4444-444444444444}.Debug|Any CPU.ActiveCfg = Debug|Any CPU
		{A1B2C3D4-4444-4444-4444-444444444444}.Debug|Any CPU.Build.0 = Debug|Any CPU
		{A1B2C3D4-4444-4444-4444-444444444444}.Release|Any CPU.ActiveCfg = Release|Any CPU
		{A1B2C3D4-4444-4444-4444-444444444444}.Release|Any CPU.Build.0 = Release|Any CPU
	EndGlobalSection
	GlobalSection(NestedProjects) = preSolution
		{7A09F08D-3606-4471-B97A-8E14D5B47E92} = {EB7C3CA7-04EF-4DCE-8DCA-EE7FEB3B2AF0}
		{8224EFF0-AF46-4A48-9633-F0AC92CC6FBE} = {7A09F08D-3606-4471-B97A-8E14D5B47E92}
		{9F3AFABA-F232-44C2-9EF5-85D29A5A3D91} = {EB7C3CA7-04EF-4DCE-8DCA-EE7FEB3B2AF0}
		{D172E8D2-6DAF-41DA-87A3-38AD7292F045} = {9F3AFABA-F232-44C2-9EF5-85D29A5A3D91}
		{44B265FF-4878-4E27-AF27-EB0CD5794FFD} = {EB7C3CA7-04EF-4DCE-8DCA-EE7FEB3B2AF0}
		{B3A96504-C66C-42AD-A640-8E4980F2620E} = {44B265FF-4878-4E27-AF27-EB0CD5794FFD}
		{2F7C23BA-F4EA-4918-8888-5526E3A9F7FF} = {EB7C3CA7-04EF-4DCE-8DCA-EE7FEB3B2AF0}
		{ACE3720F-8154-44FF-9D60-D61A624FCB6F} = {2F7C23BA-F4EA-4918-8888-5526E3A9F7FF}
		{4541060B-EA50-4590-B1F7-215D8019F2A1} = {2F7C23BA-F4EA-4918-8888-5526E3A9F7FF}
		{12626E3D-0ABD-4EB8-8A1E-FD6C7ED2A242} = {2F7C23BA-F4EA-4918-8888-5526E3A9F7FF}
		{4EDF98E1-761E-4CC3-8C3E-0C037C44F1DC} = {2F7C23BA-F4EA-4918-8888-5526E3A9F7FF}
		{63F84F1F-AA5E-4103-B147-B9EC64392819} = {EB7C3CA7-04EF-4DCE-8DCA-EE7FEB3B2AF0}
		{8E65015B-BC31-4987-887A-D7722C2611C8} = {63F84F1F-AA5E-4103-B147-B9EC64392819}
		{7091B716-F9A1-484C-8FC4-7592E7A66C13} = {63F84F1F-AA5E-4103-B147-B9EC64392819}
		{FCA75F6F-540C-42C2-8D3A-EC306250C44E} = {63F84F1F-AA5E-4103-B147-B9EC64392819}
		{8167BF45-7B2B-4EC6-9CD2-8D8772291F15} = {63F84F1F-AA5E-4103-B147-B9EC64392819}
		{A1B2C3D4-E5F6-7890-ABCD-EF1234567890} = {EB7C3CA7-04EF-4DCE-8DCA-EE7FEB3B2AF0}
		{A1B2C3D4-1111-1111-1111-111111111111} = {A1B2C3D4-E5F6-7890-ABCD-EF1234567890}
		{A1B2C3D4-2222-2222-2222-222222222222} = {A1B2C3D4-E5F6-7890-ABCD-EF1234567890}
		{A1B2C3D4-3333-3333-3333-333333333333} = {A1B2C3D4-E5F6-7890-ABCD-EF1234567890}
		{A1B2C3D4-4444-4444-4444-444444444444} = {A1B2C3D4-E5F6-7890-ABCD-EF1234567890}
	EndGlobalSection
EndGlobal
