
Microsoft Visual Studio Solution File, Format Version 12.00
# Visual Studio Version 17
VisualStudioVersion = 17.0.31903.59
MinimumVisualStudioVersion = 10.0.40219.1
Project("{2150E333-8FDC-42A3-9474-1A3956D46DE8}") = "src", "src", "{741DEDA4-08FA-4572-988B-8A3E0F6BA487}"
EndProject
Project("{FAE04EC0-301F-11D3-BF4B-00C04F79EFBC}") = "Lothal.Basket.Service.Api", "src\Api\Lothal.Basket.Service.Api.csproj", "{C746328D-CAFD-4BB0-B614-1CFC1FC6A895}"
EndProject
Project("{FAE04EC0-301F-11D3-BF4B-00C04F79EFBC}") = "Lothal.Basket.Service.Application", "src\Application\Lothal.Basket.Service.Application.csproj", "{D4A34501-7E24-4EE1-8833-02C575DC50C6}"
EndProject
Project("{FAE04EC0-301F-11D3-BF4B-00C04F79EFBC}") = "Lothal.Basket.Service.Domain", "src\Domain\Lothal.Basket.Service.Domain.csproj", "{E27D3D11-5A2B-4D7C-B910-CE60E191777F}"
EndProject
Project("{FAE04EC0-301F-11D3-BF4B-00C04F79EFBC}") = "Lothal.Basket.Service.Infrastructure", "src\Infrastructure\Lothal.Basket.Service.Infrastructure.csproj", "{29DFE49A-0DB0-4451-B906-FDF5EB171D76}"
EndProject
Global
	GlobalSection(SolutionConfigurationPlatforms) = preSolution
		Debug|Any CPU = Debug|Any CPU
		Release|Any CPU = Release|Any CPU
	EndGlobalSection
	GlobalSection(SolutionProperties) = preSolution
		HideSolutionNode = FALSE
	EndGlobalSection
	GlobalSection(ProjectConfigurationPlatforms) = postSolution
		{C746328D-CAFD-4BB0-B614-1CFC1FC6A895}.Debug|Any CPU.ActiveCfg = Debug|Any CPU
		{C746328D-CAFD-4BB0-B614-1CFC1FC6A895}.Debug|Any CPU.Build.0 = Debug|Any CPU
		{C746328D-CAFD-4BB0-B614-1CFC1FC6A895}.Release|Any CPU.ActiveCfg = Release|Any CPU
		{C746328D-CAFD-4BB0-B614-1CFC1FC6A895}.Release|Any CPU.Build.0 = Release|Any CPU
		{D4A34501-7E24-4EE1-8833-02C575DC50C6}.Debug|Any CPU.ActiveCfg = Debug|Any CPU
		{D4A34501-7E24-4EE1-8833-02C575DC50C6}.Debug|Any CPU.Build.0 = Debug|Any CPU
		{D4A34501-7E24-4EE1-8833-02C575DC50C6}.Release|Any CPU.ActiveCfg = Release|Any CPU
		{D4A34501-7E24-4EE1-8833-02C575DC50C6}.Release|Any CPU.Build.0 = Release|Any CPU
		{E27D3D11-5A2B-4D7C-B910-CE60E191777F}.Debug|Any CPU.ActiveCfg = Debug|Any CPU
		{E27D3D11-5A2B-4D7C-B910-CE60E191777F}.Debug|Any CPU.Build.0 = Debug|Any CPU
		{E27D3D11-5A2B-4D7C-B910-CE60E191777F}.Release|Any CPU.ActiveCfg = Release|Any CPU
		{E27D3D11-5A2B-4D7C-B910-CE60E191777F}.Release|Any CPU.Build.0 = Release|Any CPU
		{29DFE49A-0DB0-4451-B906-FDF5EB171D76}.Debug|Any CPU.ActiveCfg = Debug|Any CPU
		{29DFE49A-0DB0-4451-B906-FDF5EB171D76}.Debug|Any CPU.Build.0 = Debug|Any CPU
		{29DFE49A-0DB0-4451-B906-FDF5EB171D76}.Release|Any CPU.ActiveCfg = Release|Any CPU
		{29DFE49A-0DB0-4451-B906-FDF5EB171D76}.Release|Any CPU.Build.0 = Release|Any CPU
	EndGlobalSection
	GlobalSection(NestedProjects) = preSolution
		{C746328D-CAFD-4BB0-B614-1CFC1FC6A895} = {741DEDA4-08FA-4572-988B-8A3E0F6BA487}
		{D4A34501-7E24-4EE1-8833-02C575DC50C6} = {741DEDA4-08FA-4572-988B-8A3E0F6BA487}
		{E27D3D11-5A2B-4D7C-B910-CE60E191777F} = {741DEDA4-08FA-4572-988B-8A3E0F6BA487}
		{29DFE49A-0DB0-4451-B906-FDF5EB171D76} = {741DEDA4-08FA-4572-988B-8A3E0F6BA487}
	EndGlobalSection
EndGlobal
